
Microsoft Visual Studio Solution File, Format Version 12.00
# Visual Studio 14
VisualStudioVersion = 14.0.25420.1
MinimumVisualStudioVersion = 10.0.40219.1
Project("{8BC9CEB8-8B4A-11D0-8D11-00A0C91BC942}") = "parse_pbfile", "parse_pbfile\parse_pbfile.vcxproj", "{F6EFB4B8-CAAD-47CE-A3B9-E439B02CEE70}"
EndProject
Project("{8BC9CEB8-8B4A-11D0-8D11-00A0C91BC942}") = "addressbook_test", "addressbook_test\addressbook_test.vcxproj", "{6DCCD1A1-31EE-45C0-A7F9-F664774FB631}"
EndProject
Global
	GlobalSection(SolutionConfigurationPlatforms) = preSolution
		Debug|x64 = Debug|x64
		Debug|x86 = Debug|x86
		Release|x64 = Release|x64
		Release|x86 = Release|x86
	EndGlobalSection
	GlobalSection(ProjectConfigurationPlatforms) = postSolution
		{F6EFB4B8-CAAD-47CE-A3B9-E439B02CEE70}.Debug|x64.ActiveCfg = Debug|x64
		{F6EFB4B8-CAAD-47CE-A3B9-E439B02CEE70}.Debug|x64.Build.0 = Debug|x64
		{F6EFB4B8-CAAD-47CE-A3B9-E439B02CEE70}.Debug|x86.ActiveCfg = Debug|Win32
		{F6EFB4B8-CAAD-47CE-A3B9-E439B02CEE70}.Debug|x86.Build.0 = Debug|Win32
		{F6EFB4B8-CAAD-47CE-A3B9-E439B02CEE70}.Release|x64.ActiveCfg = Release|x64
		{F6EFB4B8-CAAD-47CE-A3B9-E439B02CEE70}.Release|x64.Build.0 = Release|x64
		{F6EFB4B8-CAAD-47CE-A3B9-E439B02CEE70}.Release|x86.ActiveCfg = Release|Win32
		{F6EFB4B8-CAAD-47CE-A3B9-E439B02CEE70}.Release|x86.Build.0 = Release|Win32
		{6DCCD1A1-31EE-45C0-A7F9-F664774FB631}.Debug|x64.ActiveCfg = Debug|x64
		{6DCCD1A1-31EE-45C0-A7F9-F664774FB631}.Debug|x64.Build.0 = Debug|x64
		{6DCCD1A1-31EE-45C0-A7F9-F664774FB631}.Debug|x86.ActiveCfg = Debug|Win32
		{6DCCD1A1-31EE-45C0-A7F9-F664774FB631}.Debug|x86.Build.0 = Debug|Win32
		{6DCCD1A1-31EE-45C0-A7F9-F664774FB631}.Release|x64.ActiveCfg = Release|x64
		{6DCCD1A1-31EE-45C0-A7F9-F664774FB631}.Release|x64.Build.0 = Release|x64
		{6DCCD1A1-31EE-45C0-A7F9-F664774FB631}.Release|x86.ActiveCfg = Release|Win32
		{6DCCD1A1-31EE-45C0-A7F9-F664774FB631}.Release|x86.Build.0 = Release|Win32
	EndGlobalSection
	GlobalSection(SolutionProperties) = preSolution
		HideSolutionNode = FALSE
	EndGlobalSection
EndGlobal
